# This file is automatically @generated by Cargo.
# It is not intended for manual editing.
version = 4

[[package]]
name = "clipboard-win"
version = "5.4.1"
source = "registry+https://github.com/rust-lang/crates.io-index"
checksum = "bde03770d3df201d4fb868f2c9c59e66a3e4e2bd06692a0fe701e7103c7e84d4"
dependencies = [
 "error-code",
]

[[package]]
name = "copy-paths-to-clipboard"
version = "0.1.0"
dependencies = [
 "clipboard-win",
]

[[package]]
name = "error-code"
version = "3.3.2"
source = "registry+https://github.com/rust-lang/crates.io-index"
checksum = "dea2df4cf52843e0452895c455a1a2cfbb842a1e7329671acf418fdc53ed4c59"
